// !$*UTF8*$!
{
	archiveVersion = 1;
	classes = {
	};
	objectVersion = 50;
	objects = {

/* Begin PBXBuildFile section */
		2152FB042600AC8F00CF470E /* iOSApp.swift in Sources */ = {isa = PBXBuildFile; fileRef = 2152FB032600AC8F00CF470E /* iOSApp.swift */; };
		7555FF83242A565900829871 /* ContentView.swift in Sources */ = {isa = PBXBuildFile; fileRef = 7555FF82242A565900829871 /* ContentView.swift */; };
		838F932C26EC6C0C00E41402 /* Media.xcassets in Resources */ = {isa = PBXBuildFile; fileRef = 838F932B26EC6C0C00E41402 /* Media.xcassets */; };
		83E7119C271EBA5300EA2407 /* IconView.swift in Sources */ = {isa = PBXBuildFile; fileRef = 83E7119B271EBA5300EA2407 /* IconView.swift */; };
		83E7119E271EBA5900EA2407 /* ButtonView.swift in Sources */ = {isa = PBXBuildFile; fileRef = 83E7119D271EBA5900EA2407 /* ButtonView.swift */; };
		83E711A0271EBA6C00EA2407 /* SettingsLabelView.swift in Sources */ = {isa = PBXBuildFile; fileRef = 83E7119F271EBA6C00EA2407 /* SettingsLabelView.swift */; };
		83E711A2271EBA7A00EA2407 /* CheckView.swift in Sources */ = {isa = PBXBuildFile; fileRef = 83E711A1271EBA7A00EA2407 /* CheckView.swift */; };
		83E711A4271EBA9400EA2407 /* StartButtonView.swift in Sources */ = {isa = PBXBuildFile; fileRef = 83E711A3271EBA9400EA2407 /* StartButtonView.swift */; };
		83E711A6271EBA9E00EA2407 /* BackgroundView.swift in Sources */ = {isa = PBXBuildFile; fileRef = 83E711A5271EBA9E00EA2407 /* BackgroundView.swift */; };
		83E711A8271EBAA600EA2407 /* SettingsRowView.swift in Sources */ = {isa = PBXBuildFile; fileRef = 83E711A7271EBAA600EA2407 /* SettingsRowView.swift */; };
		83E711AA271EBAB800EA2407 /* SideworkCardView.swift in Sources */ = {isa = PBXBuildFile; fileRef = 83E711A9271EBAB800EA2407 /* SideworkCardView.swift */; };
		83E711AC271EBACC00EA2407 /* OnBoardingForm.swift in Sources */ = {isa = PBXBuildFile; fileRef = 83E711AB271EBACC00EA2407 /* OnBoardingForm.swift */; };
		83E711AE271EBADD00EA2407 /* SideworkListForm.swift in Sources */ = {isa = PBXBuildFile; fileRef = 83E711AD271EBADD00EA2407 /* SideworkListForm.swift */; };
		83E711B0271EBAEC00EA2407 /* BottomSheetForm.swift in Sources */ = {isa = PBXBuildFile; fileRef = 83E711AF271EBAEC00EA2407 /* BottomSheetForm.swift */; };
		83E711B2271EBAFB00EA2407 /* EmployeeEditListForm.swift in Sources */ = {isa = PBXBuildFile; fileRef = 83E711B1271EBAFB00EA2407 /* EmployeeEditListForm.swift */; };
		83E711B4271EBB0D00EA2407 /* SideworkEditListForm.swift in Sources */ = {isa = PBXBuildFile; fileRef = 83E711B3271EBB0D00EA2407 /* SideworkEditListForm.swift */; };
		83E711B6271EBB1700EA2407 /* SettingsForm.swift in Sources */ = {isa = PBXBuildFile; fileRef = 83E711B5271EBB1700EA2407 /* SettingsForm.swift */; };
/* End PBXBuildFile section */

/* Begin PBXCopyFilesBuildPhase section */
		7555FFB4242A642300829871 /* Embed Frameworks */ = {
			isa = PBXCopyFilesBuildPhase;
			buildActionMask = 2147483647;
			dstPath = "";
			dstSubfolderSpec = 10;
			files = (
			);
			name = "Embed Frameworks";
			runOnlyForDeploymentPostprocessing = 0;
		};
/* End PBXCopyFilesBuildPhase section */

/* Begin PBXFileReference section */
		2152FB032600AC8F00CF470E /* iOSApp.swift */ = {isa = PBXFileReference; lastKnownFileType = sourcecode.swift; path = iOSApp.swift; sourceTree = "<group>"; };
		7555FF7B242A565900829871 /* iosRandomAssigner.app */ = {isa = PBXFileReference; explicitFileType = wrapper.application; includeInIndex = 0; path = iosRandomAssigner.app; sourceTree = BUILT_PRODUCTS_DIR; };
		7555FF82242A565900829871 /* ContentView.swift */ = {isa = PBXFileReference; lastKnownFileType = sourcecode.swift; path = ContentView.swift; sourceTree = "<group>"; };
		7555FF8C242A565B00829871 /* Info.plist */ = {isa = PBXFileReference; lastKnownFileType = text.plist.xml; path = Info.plist; sourceTree = "<group>"; };
		838F932B26EC6C0C00E41402 /* Media.xcassets */ = {isa = PBXFileReference; lastKnownFileType = folder.assetcatalog; path = Media.xcassets; sourceTree = "<group>"; };
		83E7119B271EBA5300EA2407 /* IconView.swift */ = {isa = PBXFileReference; lastKnownFileType = sourcecode.swift; path = IconView.swift; sourceTree = "<group>"; };
		83E7119D271EBA5900EA2407 /* ButtonView.swift */ = {isa = PBXFileReference; lastKnownFileType = sourcecode.swift; path = ButtonView.swift; sourceTree = "<group>"; };
		83E7119F271EBA6C00EA2407 /* SettingsLabelView.swift */ = {isa = PBXFileReference; lastKnownFileType = sourcecode.swift; path = SettingsLabelView.swift; sourceTree = "<group>"; };
		83E711A1271EBA7A00EA2407 /* CheckView.swift */ = {isa = PBXFileReference; lastKnownFileType = sourcecode.swift; path = CheckView.swift; sourceTree = "<group>"; };
		83E711A3271EBA9400EA2407 /* StartButtonView.swift */ = {isa = PBXFileReference; lastKnownFileType = sourcecode.swift; path = StartButtonView.swift; sourceTree = "<group>"; };
		83E711A5271EBA9E00EA2407 /* BackgroundView.swift */ = {isa = PBXFileReference; lastKnownFileType = sourcecode.swift; path = BackgroundView.swift; sourceTree = "<group>"; };
		83E711A7271EBAA600EA2407 /* SettingsRowView.swift */ = {isa = PBXFileReference; lastKnownFileType = sourcecode.swift; path = SettingsRowView.swift; sourceTree = "<group>"; };
		83E711A9271EBAB800EA2407 /* SideworkCardView.swift */ = {isa = PBXFileReference; lastKnownFileType = sourcecode.swift; path = SideworkCardView.swift; sourceTree = "<group>"; };
		83E711AB271EBACC00EA2407 /* OnBoardingForm.swift */ = {isa = PBXFileReference; lastKnownFileType = sourcecode.swift; path = OnBoardingForm.swift; sourceTree = "<group>"; };
		83E711AD271EBADD00EA2407 /* SideworkListForm.swift */ = {isa = PBXFileReference; lastKnownFileType = sourcecode.swift; path = SideworkListForm.swift; sourceTree = "<group>"; };
		83E711AF271EBAEC00EA2407 /* BottomSheetForm.swift */ = {isa = PBXFileReference; lastKnownFileType = sourcecode.swift; path = BottomSheetForm.swift; sourceTree = "<group>"; };
		83E711B1271EBAFB00EA2407 /* EmployeeEditListForm.swift */ = {isa = PBXFileReference; lastKnownFileType = sourcecode.swift; path = EmployeeEditListForm.swift; sourceTree = "<group>"; };
		83E711B3271EBB0D00EA2407 /* SideworkEditListForm.swift */ = {isa = PBXFileReference; lastKnownFileType = sourcecode.swift; path = SideworkEditListForm.swift; sourceTree = "<group>"; };
		83E711B5271EBB1700EA2407 /* SettingsForm.swift */ = {isa = PBXFileReference; lastKnownFileType = sourcecode.swift; path = SettingsForm.swift; sourceTree = "<group>"; };
/* End PBXFileReference section */

/* Begin PBXFrameworksBuildPhase section */
		7555FF78242A565900829871 /* Frameworks */ = {
			isa = PBXFrameworksBuildPhase;
			buildActionMask = 2147483647;
			files = (
			);
			runOnlyForDeploymentPostprocessing = 0;
		};
/* End PBXFrameworksBuildPhase section */

/* Begin PBXGroup section */
		7555FF72242A565900829871 = {
			isa = PBXGroup;
			children = (
				7555FF7D242A565900829871 /* iosRandomAssigner */,
				7555FF7C242A565900829871 /* Products */,
				7555FFB0242A642200829871 /* Frameworks */,
			);
			sourceTree = "<group>";
		};
		7555FF7C242A565900829871 /* Products */ = {
			isa = PBXGroup;
			children = (
				7555FF7B242A565900829871 /* iosRandomAssigner.app */,
			);
			name = Products;
			sourceTree = "<group>";
		};
		7555FF7D242A565900829871 /* iosRandomAssigner */ = {
			isa = PBXGroup;
			children = (
				83E7119A271EBA3A00EA2407 /* Forms */,
				83E71199271EBA3100EA2407 /* Views */,
				7555FF82242A565900829871 /* ContentView.swift */,
				7555FF8C242A565B00829871 /* Info.plist */,
				2152FB032600AC8F00CF470E /* iOSApp.swift */,
			);
			path = iosRandomAssigner;
			sourceTree = "<group>";
		};
		7555FFB0242A642200829871 /* Frameworks */ = {
			isa = PBXGroup;
			children = (
				838F932B26EC6C0C00E41402 /* Media.xcassets */,
			);
			name = Frameworks;
			sourceTree = "<group>";
		};
		83E71199271EBA3100EA2407 /* Views */ = {
			isa = PBXGroup;
			children = (
				83E7119B271EBA5300EA2407 /* IconView.swift */,
				83E7119D271EBA5900EA2407 /* ButtonView.swift */,
				83E7119F271EBA6C00EA2407 /* SettingsLabelView.swift */,
				83E711A1271EBA7A00EA2407 /* CheckView.swift */,
				83E711A3271EBA9400EA2407 /* StartButtonView.swift */,
				83E711A5271EBA9E00EA2407 /* BackgroundView.swift */,
				83E711A7271EBAA600EA2407 /* SettingsRowView.swift */,
				83E711A9271EBAB800EA2407 /* SideworkCardView.swift */,
			);
			path = Views;
			sourceTree = "<group>";
		};
		83E7119A271EBA3A00EA2407 /* Forms */ = {
			isa = PBXGroup;
			children = (
				83E711AB271EBACC00EA2407 /* OnBoardingForm.swift */,
				83E711AD271EBADD00EA2407 /* SideworkListForm.swift */,
				83E711AF271EBAEC00EA2407 /* BottomSheetForm.swift */,
				83E711B1271EBAFB00EA2407 /* EmployeeEditListForm.swift */,
				83E711B3271EBB0D00EA2407 /* SideworkEditListForm.swift */,
				83E711B5271EBB1700EA2407 /* SettingsForm.swift */,
			);
			path = Forms;
			sourceTree = "<group>";
		};
/* End PBXGroup section */

/* Begin PBXNativeTarget section */
		7555FF7A242A565900829871 /* iosRandomAssigner */ = {
			isa = PBXNativeTarget;
			buildConfigurationList = 7555FFA5242A565B00829871 /* Build configuration list for PBXNativeTarget "iosRandomAssigner" */;
			buildPhases = (
				7555FFB5242A651A00829871 /* ShellScript */,
				7555FF77242A565900829871 /* Sources */,
				7555FF78242A565900829871 /* Frameworks */,
				7555FF79242A565900829871 /* Resources */,
				7555FFB4242A642300829871 /* Embed Frameworks */,
			);
			buildRules = (
			);
			dependencies = (
			);
			name = iosRandomAssigner;
			productName = iosRandomAssigner;
			productReference = 7555FF7B242A565900829871 /* iosRandomAssigner.app */;
			productType = "com.apple.product-type.application";
		};
/* End PBXNativeTarget section */

/* Begin PBXProject section */
		7555FF73242A565900829871 /* Project object */ = {
			isa = PBXProject;
			attributes = {
				LastSwiftUpdateCheck = 1130;
				LastUpgradeCheck = 1130;
				ORGANIZATIONNAME = orgName;
				TargetAttributes = {
					7555FF7A242A565900829871 = {
						CreatedOnToolsVersion = 11.3.1;
					};
				};
			};
			buildConfigurationList = 7555FF76242A565900829871 /* Build configuration list for PBXProject "iosRandomAssigner" */;
			compatibilityVersion = "Xcode 9.3";
			developmentRegion = en;
			hasScannedForEncodings = 0;
			knownRegions = (
				en,
				Base,
			);
			mainGroup = 7555FF72242A565900829871;
			productRefGroup = 7555FF7C242A565900829871 /* Products */;
			projectDirPath = "";
			projectRoot = "";
			targets = (
				7555FF7A242A565900829871 /* iosRandomAssigner */,
			);
		};
/* End PBXProject section */

/* Begin PBXResourcesBuildPhase section */
		7555FF79242A565900829871 /* Resources */ = {
			isa = PBXResourcesBuildPhase;
			buildActionMask = 2147483647;
			files = (
				838F932C26EC6C0C00E41402 /* Media.xcassets in Resources */,
			);
			runOnlyForDeploymentPostprocessing = 0;
		};
/* End PBXResourcesBuildPhase section */

/* Begin PBXShellScriptBuildPhase section */
		7555FFB5242A651A00829871 /* ShellScript */ = {
			isa = PBXShellScriptBuildPhase;
			buildActionMask = 2147483647;
			files = (
			);
			inputFileListPaths = (
			);
			inputPaths = (
			);
			outputFileListPaths = (
			);
			outputPaths = (
			);
			runOnlyForDeploymentPostprocessing = 0;
			shellPath = /bin/sh;
			shellScript = "cd \"$SRCROOT/..\"\n./gradlew :shared:embedAndSignAppleFrameworkForXcode\n";
		};
/* End PBXShellScriptBuildPhase section */

/* Begin PBXSourcesBuildPhase section */
		7555FF77242A565900829871 /* Sources */ = {
			isa = PBXSourcesBuildPhase;
			buildActionMask = 2147483647;
			files = (
				83E711A4271EBA9400EA2407 /* StartButtonView.swift in Sources */,
				2152FB042600AC8F00CF470E /* iOSApp.swift in Sources */,
				83E711B6271EBB1700EA2407 /* SettingsForm.swift in Sources */,
				83E711AA271EBAB800EA2407 /* SideworkCardView.swift in Sources */,
				83E711B2271EBAFB00EA2407 /* EmployeeEditListForm.swift in Sources */,
				83E711A6271EBA9E00EA2407 /* BackgroundView.swift in Sources */,
				83E7119C271EBA5300EA2407 /* IconView.swift in Sources */,
				83E711AE271EBADD00EA2407 /* SideworkListForm.swift in Sources */,
				83E711A0271EBA6C00EA2407 /* SettingsLabelView.swift in Sources */,
				83E7119E271EBA5900EA2407 /* ButtonView.swift in Sources */,
				83E711AC271EBACC00EA2407 /* OnBoardingForm.swift in Sources */,
				83E711B4271EBB0D00EA2407 /* SideworkEditListForm.swift in Sources */,
				7555FF83242A565900829871 /* ContentView.swift in Sources */,
				83E711A2271EBA7A00EA2407 /* CheckView.swift in Sources */,
				83E711A8271EBAA600EA2407 /* SettingsRowView.swift in Sources */,
				83E711B0271EBAEC00EA2407 /* BottomSheetForm.swift in Sources */,
			);
			runOnlyForDeploymentPostprocessing = 0;
		};
/* End PBXSourcesBuildPhase section */

/* Begin XCBuildConfiguration section */
		7555FFA3242A565B00829871 /* Debug */ = {
			isa = XCBuildConfiguration;
			buildSettings = {
				ALWAYS_SEARCH_USER_PATHS = NO;
				CLANG_ANALYZER_NONNULL = YES;
				CLANG_ANALYZER_NUMBER_OBJECT_CONVERSION = YES_AGGRESSIVE;
				CLANG_CXX_LANGUAGE_STANDARD = "gnu++14";
				CLANG_CXX_LIBRARY = "libc++";
				CLANG_ENABLE_MODULES = YES;
				CLANG_ENABLE_OBJC_ARC = YES;
				CLANG_ENABLE_OBJC_WEAK = YES;
				CLANG_WARN_BLOCK_CAPTURE_AUTORELEASING = YES;
				CLANG_WARN_BOOL_CONVERSION = YES;
				CLANG_WARN_COMMA = YES;
				CLANG_WARN_CONSTANT_CONVERSION = YES;
				CLANG_WARN_DEPRECATED_OBJC_IMPLEMENTATIONS = YES;
				CLANG_WARN_DIRECT_OBJC_ISA_USAGE = YES_ERROR;
				CLANG_WARN_DOCUMENTATION_COMMENTS = YES;
				CLANG_WARN_EMPTY_BODY = YES;
				CLANG_WARN_ENUM_CONVERSION = YES;
				CLANG_WARN_INFINITE_RECURSION = YES;
				CLANG_WARN_INT_CONVERSION = YES;
				CLANG_WARN_NON_LITERAL_NULL_CONVERSION = YES;
				CLANG_WARN_OBJC_IMPLICIT_RETAIN_SELF = YES;
				CLANG_WARN_OBJC_LITERAL_CONVERSION = YES;
				CLANG_WARN_OBJC_ROOT_CLASS = YES_ERROR;
				CLANG_WARN_QUOTED_INCLUDE_IN_FRAMEWORK_HEADER = YES;
				CLANG_WARN_RANGE_LOOP_ANALYSIS = YES;
				CLANG_WARN_STRICT_PROTOTYPES = YES;
				CLANG_WARN_SUSPICIOUS_MOVE = YES;
				CLANG_WARN_UNGUARDED_AVAILABILITY = YES_AGGRESSIVE;
				CLANG_WARN_UNREACHABLE_CODE = YES;
				CLANG_WARN__DUPLICATE_METHOD_MATCH = YES;
				COPY_PHASE_STRIP = NO;
				DEBUG_INFORMATION_FORMAT = "dwarf-with-dsym";
				ENABLE_STRICT_OBJC_MSGSEND = YES;
				ENABLE_TESTABILITY = YES;
				GCC_C_LANGUAGE_STANDARD = gnu11;
				GCC_DYNAMIC_NO_PIC = NO;
				GCC_NO_COMMON_BLOCKS = YES;
				GCC_OPTIMIZATION_LEVEL = 0;
				GCC_PREPROCESSOR_DEFINITIONS = (
					"DEBUG=1",
					"$(inherited)",
				);
				GCC_WARN_64_TO_32_BIT_CONVERSION = YES;
				GCC_WARN_ABOUT_RETURN_TYPE = YES_ERROR;
				GCC_WARN_UNDECLARED_SELECTOR = YES;
				GCC_WARN_UNINITIALIZED_AUTOS = YES_AGGRESSIVE;
				GCC_WARN_UNUSED_FUNCTION = YES;
				GCC_WARN_UNUSED_VARIABLE = YES;
				IPHONEOS_DEPLOYMENT_TARGET = 14.1;
				MTL_ENABLE_DEBUG_INFO = INCLUDE_SOURCE;
				MTL_FAST_MATH = YES;
				ONLY_ACTIVE_ARCH = YES;
				SDKROOT = iphoneos;
				SWIFT_ACTIVE_COMPILATION_CONDITIONS = DEBUG;
				SWIFT_OPTIMIZATION_LEVEL = "-Onone";
			};
			name = Debug;
		};
		7555FFA4242A565B00829871 /* Release */ = {
			isa = XCBuildConfiguration;
			buildSettings = {
				ALWAYS_SEARCH_USER_PATHS = NO;
				CLANG_ANALYZER_NONNULL = YES;
				CLANG_ANALYZER_NUMBER_OBJECT_CONVERSION = YES_AGGRESSIVE;
				CLANG_CXX_LANGUAGE_STANDARD = "gnu++14";
				CLANG_CXX_LIBRARY = "libc++";
				CLANG_ENABLE_MODULES = YES;
				CLANG_ENABLE_OBJC_ARC = YES;
				CLANG_ENABLE_OBJC_WEAK = YES;
				CLANG_WARN_BLOCK_CAPTURE_AUTORELEASING = YES;
				CLANG_WARN_BOOL_CONVERSION = YES;
				CLANG_WARN_COMMA = YES;
				CLANG_WARN_CONSTANT_CONVERSION = YES;
				CLANG_WARN_DEPRECATED_OBJC_IMPLEMENTATIONS = YES;
				CLANG_WARN_DIRECT_OBJC_ISA_USAGE = YES_ERROR;
				CLANG_WARN_DOCUMENTATION_COMMENTS = YES;
				CLANG_WARN_EMPTY_BODY = YES;
				CLANG_WARN_ENUM_CONVERSION = YES;
				CLANG_WARN_INFINITE_RECURSION = YES;
				CLANG_WARN_INT_CONVERSION = YES;
				CLANG_WARN_NON_LITERAL_NULL_CONVERSION = YES;
				CLANG_WARN_OBJC_IMPLICIT_RETAIN_SELF = YES;
				CLANG_WARN_OBJC_LITERAL_CONVERSION = YES;
				CLANG_WARN_OBJC_ROOT_CLASS = YES_ERROR;
				CLANG_WARN_QUOTED_INCLUDE_IN_FRAMEWORK_HEADER = YES;
				CLANG_WARN_RANGE_LOOP_ANALYSIS = YES;
				CLANG_WARN_STRICT_PROTOTYPES = YES;
				CLANG_WARN_SUSPICIOUS_MOVE = YES;
				CLANG_WARN_UNGUARDED_AVAILABILITY = YES_AGGRESSIVE;
				CLANG_WARN_UNREACHABLE_CODE = YES;
				CLANG_WARN__DUPLICATE_METHOD_MATCH = YES;
				COPY_PHASE_STRIP = NO;
				DEBUG_INFORMATION_FORMAT = "dwarf-with-dsym";
				ENABLE_NS_ASSERTIONS = NO;
				ENABLE_STRICT_OBJC_MSGSEND = YES;
				GCC_C_LANGUAGE_STANDARD = gnu11;
				GCC_NO_COMMON_BLOCKS = YES;
				GCC_WARN_64_TO_32_BIT_CONVERSION = YES;
				GCC_WARN_ABOUT_RETURN_TYPE = YES_ERROR;
				GCC_WARN_UNDECLARED_SELECTOR = YES;
				GCC_WARN_UNINITIALIZED_AUTOS = YES_AGGRESSIVE;
				GCC_WARN_UNUSED_FUNCTION = YES;
				GCC_WARN_UNUSED_VARIABLE = YES;
				IPHONEOS_DEPLOYMENT_TARGET = 14.1;
				MTL_ENABLE_DEBUG_INFO = NO;
				MTL_FAST_MATH = YES;
				SDKROOT = iphoneos;
				SWIFT_COMPILATION_MODE = wholemodule;
				SWIFT_OPTIMIZATION_LEVEL = "-O";
				VALIDATE_PRODUCT = YES;
			};
			name = Release;
		};
		7555FFA6242A565B00829871 /* Debug */ = {
			isa = XCBuildConfiguration;
			buildSettings = {
				CODE_SIGN_STYLE = Automatic;
				DEVELOPMENT_TEAM = 69P56SK777;
				ENABLE_PREVIEWS = YES;
				FRAMEWORK_SEARCH_PATHS = "$(SRCROOT)/../shared/build/xcode-frameworks/$(CONFIGURATION)/$(SDK_NAME)";
				INFOPLIST_FILE = iosRandomAssigner/Info.plist;
				LD_RUNPATH_SEARCH_PATHS = (
					"$(inherited)",
					"@executable_path/Frameworks",
				);
				OTHER_LDFLAGS = (
					"$(inherited)",
					"-framework",
					shared,
				);
				PRODUCT_BUNDLE_IDENTIFIER = orgIdentifier.iosRandomAssigner;
				PRODUCT_NAME = "$(TARGET_NAME)";
				SWIFT_VERSION = 5.0;
				TARGETED_DEVICE_FAMILY = "1,2";
			};
			name = Debug;
		};
		7555FFA7242A565B00829871 /* Release */ = {
			isa = XCBuildConfiguration;
			buildSettings = {
				CODE_SIGN_STYLE = Automatic;
				DEVELOPMENT_TEAM = 69P56SK777;
				ENABLE_PREVIEWS = YES;
				FRAMEWORK_SEARCH_PATHS = "$(SRCROOT)/../shared/build/xcode-frameworks/$(CONFIGURATION)/$(SDK_NAME)";
				INFOPLIST_FILE = iosRandomAssigner/Info.plist;
				LD_RUNPATH_SEARCH_PATHS = (
					"$(inherited)",
					"@executable_path/Frameworks",
				);
				OTHER_LDFLAGS = (
					"$(inherited)",
					"-framework",
					shared,
				);
				PRODUCT_BUNDLE_IDENTIFIER = orgIdentifier.iosRandomAssigner;
				PRODUCT_NAME = "$(TARGET_NAME)";
				SWIFT_VERSION = 5.0;
				TARGETED_DEVICE_FAMILY = "1,2";
			};
			name = Release;
		};
/* End XCBuildConfiguration section */

/* Begin XCConfigurationList section */
		7555FF76242A565900829871 /* Build configuration list for PBXProject "iosRandomAssigner" */ = {
			isa = XCConfigurationList;
			buildConfigurations = (
				7555FFA3242A565B00829871 /* Debug */,
				7555FFA4242A565B00829871 /* Release */,
			);
			defaultConfigurationIsVisible = 0;
			defaultConfigurationName = Release;
		};
		7555FFA5242A565B00829871 /* Build configuration list for PBXNativeTarget "iosRandomAssigner" */ = {
			isa = XCConfigurationList;
			buildConfigurations = (
				7555FFA6242A565B00829871 /* Debug */,
				7555FFA7242A565B00829871 /* Release */,
			);
			defaultConfigurationIsVisible = 0;
			defaultConfigurationName = Release;
		};
/* End XCConfigurationList section */
	};
	rootObject = 7555FF73242A565900829871 /* Project object */;
}
